
Microsoft Visual Studio Solution File, Format Version 12.00
# Visual Studio 15
Project("{FAE04EC0-301F-11D3-BF4B-00C04F79EFBC}") = "Assembly-CSharp", "Assembly-CSharp.csproj", "{8530EDEC-89F4-5503-0F98-F591EFE9BD06}"
EndProject
Project("{FAE04EC0-301F-11D3-BF4B-00C04F79EFBC}") = "Assembly-CSharp-Editor", "Assembly-CSharp-Editor.csproj", "{4EF78F4D-802E-9F38-7B35-7B7FAB5EEE1F}"
EndProject
Project("{FAE04EC0-301F-11D3-BF4B-00C04F79EFBC}") = "lilToon.Editor", "lilToon.Editor.csproj", "{A43C7BD8-9C96-EEA9-B775-22A9FECADDAE}"
EndProject
Global
	GlobalSection(SolutionConfigurationPlatforms) = preSolution
		Debug|Any CPU = Debug|Any CPU
		Release|Any CPU = Release|Any CPU
	EndGlobalSection
	GlobalSection(ProjectConfigurationPlatforms) = postSolution
		{8530EDEC-89F4-5503-0F98-F591EFE9BD06}.Debug|Any CPU.ActiveCfg = Debug|Any CPU
		{8530EDEC-89F4-5503-0F98-F591EFE9BD06}.Debug|Any CPU.Build.0 = Debug|Any CPU
		{8530EDEC-89F4-5503-0F98-F591EFE9BD06}.Release|Any CPU.ActiveCfg = Release|Any CPU
		{8530EDEC-89F4-5503-0F98-F591EFE9BD06}.Release|Any CPU.Build.0 = Release|Any CPU
		{4EF78F4D-802E-9F38-7B35-7B7FAB5EEE1F}.Debug|Any CPU.ActiveCfg = Debug|Any CPU
		{4EF78F4D-802E-9F38-7B35-7B7FAB5EEE1F}.Debug|Any CPU.Build.0 = Debug|Any CPU
		{4EF78F4D-802E-9F38-7B35-7B7FAB5EEE1F}.Release|Any CPU.ActiveCfg = Release|Any CPU
		{4EF78F4D-802E-9F38-7B35-7B7FAB5EEE1F}.Release|Any CPU.Build.0 = Release|Any CPU
		{A43C7BD8-9C96-EEA9-B775-22A9FECADDAE}.Debug|Any CPU.ActiveCfg = Debug|Any CPU
		{A43C7BD8-9C96-EEA9-B775-22A9FECADDAE}.Debug|Any CPU.Build.0 = Debug|Any CPU
		{A43C7BD8-9C96-EEA9-B775-22A9FECADDAE}.Release|Any CPU.ActiveCfg = Release|Any CPU
		{A43C7BD8-9C96-EEA9-B775-22A9FECADDAE}.Release|Any CPU.Build.0 = Release|Any CPU
	EndGlobalSection
	GlobalSection(SolutionProperties) = preSolution
		HideSolutionNode = FALSE
	EndGlobalSection
EndGlobal
